Microsoft Visual Studio Solution File, Format Version 12.00
# Visual Studio Version 17
VisualStudioVersion = 17.5.2.0
MinimumVisualStudioVersion = 10.0.40219.1
Project("{FAE04EC0-301F-11D3-BF4B-00C04F79EFBC}") = "LibraryManagemant", "LibraryManagemant.csproj", "{060E37EC-FDF5-EEB3-CA9B-38568B1D8B60}"
EndProject
Global
	GlobalSection(SolutionConfigurationPlatforms) = preSolution
		Debug|Any CPU = Debug|Any CPU
		Release|Any CPU = Release|Any CPU
	EndGlobalSection
	GlobalSection(ProjectConfigurationPlatforms) = postSolution
		{060E37EC-FDF5-EEB3-CA9B-38568B1D8B60}.Debug|Any CPU.ActiveCfg = Debug|Any CPU
		{060E37EC-FDF5-EEB3-CA9B-38568B1D8B60}.Debug|Any CPU.Build.0 = Debug|Any CPU
		{060E37EC-FDF5-EEB3-CA9B-38568B1D8B60}.Release|Any CPU.ActiveCfg = Release|Any CPU
		{060E37EC-FDF5-EEB3-CA9B-38568B1D8B60}.Release|Any CPU.Build.0 = Release|Any CPU
	EndGlobalSection
	GlobalSection(SolutionProperties) = preSolution
		HideSolutionNode = FALSE
	EndGlobalSection
	GlobalSection(ExtensibilityGlobals) = postSolution
		SolutionGuid = {ED893FEB-BA5C-4CB2-852E-01CB74989D2C}
	EndGlobalSection
EndGlobal
